
Microsoft Visual Studio Solution File, Format Version 12.00
# Visual Studio Version 17
VisualStudioVersion = 17.4.33103.184
MinimumVisualStudioVersion = 10.0.40219.1
Project("{FAE04EC0-301F-11D3-BF4B-00C04F79EFBC}") = "podpisaka", "podpisaka\podpisaka.csproj", "{58F04D51-934B-4E29-845A-B991975E6D64}"
EndProject
Global
	GlobalSection(SolutionConfigurationPlatforms) = preSolution
		Debug|Any CPU = Debug|Any CPU
		Release|Any CPU = Release|Any CPU
	EndGlobalSection
	GlobalSection(ProjectConfigurationPlatforms) = postSolution
		{58F04D51-934B-4E29-845A-B991975E6D64}.Debug|Any CPU.ActiveCfg = Debug|Any CPU
		{58F04D51-934B-4E29-845A-B991975E6D64}.Debug|Any CPU.Build.0 = Debug|Any CPU
		{58F04D51-934B-4E29-845A-B991975E6D64}.Release|Any CPU.ActiveCfg = Release|Any CPU
		{58F04D51-934B-4E29-845A-B991975E6D64}.Release|Any CPU.Build.0 = Release|Any CPU
	EndGlobalSection
	GlobalSection(SolutionProperties) = preSolution
		HideSolutionNode = FALSE
	EndGlobalSection
	GlobalSection(ExtensibilityGlobals) = postSolution
		SolutionGuid = {C08C8C46-32BF-4BA1-BEA0-A09EA829C540}
	EndGlobalSection
EndGlobal
